PODS:
  - MemoryLeakTracker (0.2.0)

DEPENDENCIES:
  - MemoryLeakTracker (from `../`)

EXTERNAL SOURCES:
  MemoryLeakTracker:
    :path: "../"

SPEC CHECKSUMS:
  MemoryLeakTracker: 3b255f319f7aec7056a3b5bf047cdc76d8f55d0b

PODFILE CHECKSUM: 49c4aa7466f178413615456b92cae8a044e87de5

COCOAPODS: 1.10.1
